{
  "name": "frontend",
  "lockfileVersion": 3,
  "requires": true,
  "packages": {
    "": {
      "dependencies": {
        "employee360_task_manager": "file:../../.."
      }
    },
    "../../..": {
      "name": "employee360_task_manager",
      "version": "1.0.0",
      "dependencies": {
        "react-icons": "^5.5.0"
      },
      "devDependencies": {
        "@vitejs/plugin-react": "^4.3.4",
        "concurrently": "^9.1.2"
      }
    },
    "node_modules/employee360_task_manager": {
      "resolved": "../../..",
      "link": true
    }
  }
}
